// !$*UTF8*$!
{
	archiveVersion = 1;
	classes = {
	};
	objectVersion = 77;
	objects = {

/* Begin PBXBuildFile section */
		7A7540402E55670700D615D3 /* AppDelegate.swift in Sources */ = {isa = PBXBuildFile; fileRef = 7A7540362E55670700D615D3 /* AppDelegate.swift */; };
		7A7540412E55670700D615D3 /* SceneDelegate.swift in Sources */ = {isa = PBXBuildFile; fileRef = 7A75403D2E55670700D615D3 /* SceneDelegate.swift */; };
		7A7540422E55670700D615D3 /* ViewController.swift in Sources */ = {isa = PBXBuildFile; fileRef = 7A75403E2E55670700D615D3 /* ViewController.swift */; };
		7A7540432E55670700D615D3 /* Assets.xcassets in Resources */ = {isa = PBXBuildFile; fileRef = 7A7540372E55670700D615D3 /* Assets.xcassets */; };
		7A7540452E55670700D615D3 /* LaunchScreen.storyboard in Resources */ = {isa = PBXBuildFile; fileRef = 7A75403A2E55670700D615D3 /* LaunchScreen.storyboard */; };
		7A7540462E55670700D615D3 /* Main.storyboard in Resources */ = {isa = PBXBuildFile; fileRef = 7A75403C2E55670700D615D3 /* Main.storyboard */; };
		B8C576664EFF4D01D2E4CF94 /* Pods_SwiftCollectionsExample.framework in Frameworks */ = {isa = PBXBuildFile; fileRef = 2429B14C1A2030F38AECC575 /* Pods_SwiftCollectionsExample.framework */; };
/* End PBXBuildFile section */

/* Begin PBXFileReference section */
		2429B14C1A2030F38AECC575 /* Pods_SwiftCollectionsExample.framework */ = {isa = PBXFileReference; explicitFileType = wrapper.framework; includeInIndex = 0; path = Pods_SwiftCollectionsExample.framework; sourceTree = BUILT_PRODUCTS_DIR; };
		5A31B5B8AE6D49776F89B28A /* Pods-SwiftCollectionsExample.debug.xcconfig */ = {isa = PBXFileReference; includeInIndex = 1; lastKnownFileType = text.xcconfig; name = "Pods-SwiftCollectionsExample.debug.xcconfig"; path = "Target Support Files/Pods-SwiftCollectionsExample/Pods-SwiftCollectionsExample.debug.xcconfig"; sourceTree = "<group>"; };
		7A75400E2E55661B00D615D3 /* SwiftCollectionsExample.app */ = {isa = PBXFileReference; explicitFileType = wrapper.application; includeInIndex = 0; path = SwiftCollectionsExample.app; sourceTree = BUILT_PRODUCTS_DIR; };
		7A7540362E55670700D615D3 /* AppDelegate.swift */ = {isa = PBXFileReference; lastKnownFileType = sourcecode.swift; path = AppDelegate.swift; sourceTree = "<group>"; };
		7A7540372E55670700D615D3 /* Assets.xcassets */ = {isa = PBXFileReference; lastKnownFileType = folder.assetcatalog; path = Assets.xcassets; sourceTree = "<group>"; };
		7A7540382E55670700D615D3 /* Info.plist */ = {isa = PBXFileReference; lastKnownFileType = text.plist.xml; path = Info.plist; sourceTree = "<group>"; };
		7A7540392E55670700D615D3 /* Base */ = {isa = PBXFileReference; lastKnownFileType = file.storyboard; name = Base; path = Base.lproj/LaunchScreen.storyboard; sourceTree = "<group>"; };
		7A75403B2E55670700D615D3 /* Base */ = {isa = PBXFileReference; lastKnownFileType = file.storyboard; name = Base; path = Base.lproj/Main.storyboard; sourceTree = "<group>"; };
		7A75403D2E55670700D615D3 /* SceneDelegate.swift */ = {isa = PBXFileReference; lastKnownFileType = sourcecode.swift; path = SceneDelegate.swift; sourceTree = "<group>"; };
		7A75403E2E55670700D615D3 /* ViewController.swift */ = {isa = PBXFileReference; lastKnownFileType = sourcecode.swift; path = ViewController.swift; sourceTree = "<group>"; };
		8BA826751A2E0A087261AF46 /* Pods-SwiftCollectionsExample.release.xcconfig */ = {isa = PBXFileReference; includeInIndex = 1; lastKnownFileType = text.xcconfig; name = "Pods-SwiftCollectionsExample.release.xcconfig"; path = "Target Support Files/Pods-SwiftCollectionsExample/Pods-SwiftCollectionsExample.release.xcconfig"; sourceTree = "<group>"; };
/* End PBXFileReference section */

/* Begin PBXFrameworksBuildPhase section */
		7A75400B2E55661B00D615D3 /* Frameworks */ = {
			isa = PBXFrameworksBuildPhase;
			buildActionMask = 2147483647;
			files = (
				B8C576664EFF4D01D2E4CF94 /* Pods_SwiftCollectionsExample.framework in Frameworks */,
			);
			runOnlyForDeploymentPostprocessing = 0;
		};
/* End PBXFrameworksBuildPhase section */

/* Begin PBXGroup section */
		66FEC5641C352ADC0BB9CD10 /* Pods */ = {
			isa = PBXGroup;
			children = (
				5A31B5B8AE6D49776F89B28A /* Pods-SwiftCollectionsExample.debug.xcconfig */,
				8BA826751A2E0A087261AF46 /* Pods-SwiftCollectionsExample.release.xcconfig */,
			);
			name = Pods;
			path = Pods;
			sourceTree = "<group>";
		};
		7A7540052E55661B00D615D3 = {
			isa = PBXGroup;
			children = (
				7A75403F2E55670700D615D3 /* SwiftCollectionsExample */,
				7A75400F2E55661B00D615D3 /* Products */,
				66FEC5641C352ADC0BB9CD10 /* Pods */,
				CA03AA80F61FE421BD01A14B /* Frameworks */,
			);
			sourceTree = "<group>";
		};
		7A75400F2E55661B00D615D3 /* Products */ = {
			isa = PBXGroup;
			children = (
				7A75400E2E55661B00D615D3 /* SwiftCollectionsExample.app */,
			);
			name = Products;
			sourceTree = "<group>";
		};
		7A75403F2E55670700D615D3 /* SwiftCollectionsExample */ = {
			isa = PBXGroup;
			children = (
				7A7540362E55670700D615D3 /* AppDelegate.swift */,
				7A7540372E55670700D615D3 /* Assets.xcassets */,
				7A7540382E55670700D615D3 /* Info.plist */,
				7A75403A2E55670700D615D3 /* LaunchScreen.storyboard */,
				7A75403C2E55670700D615D3 /* Main.storyboard */,
				7A75403D2E55670700D615D3 /* SceneDelegate.swift */,
				7A75403E2E55670700D615D3 /* ViewController.swift */,
			);
			path = SwiftCollectionsExample;
			sourceTree = "<group>";
		};
		CA03AA80F61FE421BD01A14B /* Frameworks */ = {
			isa = PBXGroup;
			children = (
				2429B14C1A2030F38AECC575 /* Pods_SwiftCollectionsExample.framework */,
			);
			name = Frameworks;
			sourceTree = "<group>";
		};
/* End PBXGroup section */

/* Begin PBXNativeTarget section */
		7A75400D2E55661B00D615D3 /* SwiftCollectionsExample */ = {
			isa = PBXNativeTarget;
			buildConfigurationList = 7A7540212E55661C00D615D3 /* Build configuration list for PBXNativeTarget "SwiftCollectionsExample" */;
			buildPhases = (
				1BDE5239113C63677A1B0B5F /* [CP] Check Pods Manifest.lock */,
				7A75400A2E55661B00D615D3 /* Sources */,
				7A75400B2E55661B00D615D3 /* Frameworks */,
				7A75400C2E55661B00D615D3 /* Resources */,
			);
			buildRules = (
			);
			dependencies = (
			);
			name = SwiftCollectionsExample;
			productName = SwiftCollectionsExample;
			productReference = 7A75400E2E55661B00D615D3 /* SwiftCollectionsExample.app */;
			productType = "com.apple.product-type.application";
		};
/* End PBXNativeTarget section */

/* Begin PBXProject section */
		7A7540062E55661B00D615D3 /* Project object */ = {
			isa = PBXProject;
			attributes = {
				BuildIndependentTargetsInParallel = 1;
				LastSwiftUpdateCheck = 1640;
				LastUpgradeCheck = 1640;
				TargetAttributes = {
					7A75400D2E55661B00D615D3 = {
						CreatedOnToolsVersion = 16.4;
					};
				};
			};
			buildConfigurationList = 7A7540092E55661B00D615D3 /* Build configuration list for PBXProject "SwiftCollectionsExample" */;
			developmentRegion = en;
			hasScannedForEncodings = 0;
			knownRegions = (
				en,
				Base,
			);
			mainGroup = 7A7540052E55661B00D615D3;
			minimizedProjectReferenceProxies = 1;
			preferredProjectObjectVersion = 77;
			productRefGroup = 7A75400F2E55661B00D615D3 /* Products */;
			projectDirPath = "";
			projectRoot = "";
			targets = (
				7A75400D2E55661B00D615D3 /* SwiftCollectionsExample */,
			);
		};
/* End PBXProject section */

/* Begin PBXResourcesBuildPhase section */
		7A75400C2E55661B00D615D3 /* Resources */ = {
			isa = PBXResourcesBuildPhase;
			buildActionMask = 2147483647;
			files = (
				7A7540432E55670700D615D3 /* Assets.xcassets in Resources */,
				7A7540452E55670700D615D3 /* LaunchScreen.storyboard in Resources */,
				7A7540462E55670700D615D3 /* Main.storyboard in Resources */,
			);
			runOnlyForDeploymentPostprocessing = 0;
		};
/* End PBXResourcesBuildPhase section */

/* Begin PBXShellScriptBuildPhase section */
		1BDE5239113C63677A1B0B5F /* [CP] Check Pods Manifest.lock */ = {
			isa = PBXShellScriptBuildPhase;
			buildActionMask = 2147483647;
			files = (
			);
			inputFileListPaths = (
			);
			inputPaths = (
				"${PODS_PODFILE_DIR_PATH}/Podfile.lock",
				"${PODS_ROOT}/Manifest.lock",
			);
			name = "[CP] Check Pods Manifest.lock";
			outputFileListPaths = (
			);
			outputPaths = (
				"$(DERIVED_FILE_DIR)/Pods-SwiftCollectionsExample-checkManifestLockResult.txt",
			);
			runOnlyForDeploymentPostprocessing = 0;
			shellPath = /bin/sh;
			shellScript = "diff \"${PODS_PODFILE_DIR_PATH}/Podfile.lock\" \"${PODS_ROOT}/Manifest.lock\" > /dev/null\nif [ $? != 0 ] ; then\n    # print error to STDERR\n    echo \"error: The sandbox is not in sync with the Podfile.lock. Run 'pod install' or update your CocoaPods installation.\" >&2\n    exit 1\nfi\n# This output is used by Xcode 'outputs' to avoid re-running this script phase.\necho \"SUCCESS\" > \"${SCRIPT_OUTPUT_FILE_0}\"\n";
			showEnvVarsInLog = 0;
		};
/* End PBXShellScriptBuildPhase section */

/* Begin PBXSourcesBuildPhase section */
		7A75400A2E55661B00D615D3 /* Sources */ = {
			isa = PBXSourcesBuildPhase;
			buildActionMask = 2147483647;
			files = (
				7A7540402E55670700D615D3 /* AppDelegate.swift in Sources */,
				7A7540412E55670700D615D3 /* SceneDelegate.swift in Sources */,
				7A7540422E55670700D615D3 /* ViewController.swift in Sources */,
			);
			runOnlyForDeploymentPostprocessing = 0;
		};
/* End PBXSourcesBuildPhase section */

/* Begin PBXVariantGroup section */
		7A75403A2E55670700D615D3 /* LaunchScreen.storyboard */ = {
			isa = PBXVariantGroup;
			children = (
				7A7540392E55670700D615D3 /* Base */,
			);
			name = LaunchScreen.storyboard;
			sourceTree = "<group>";
		};
		7A75403C2E55670700D615D3 /* Main.storyboard */ = {
			isa = PBXVariantGroup;
			children = (
				7A75403B2E55670700D615D3 /* Base */,
			);
			name = Main.storyboard;
			sourceTree = "<group>";
		};
/* End PBXVariantGroup section */

/* Begin XCBuildConfiguration section */
		7A7540222E55661C00D615D3 /* Debug */ = {
			isa = XCBuildConfiguration;
			baseConfigurationReference = 5A31B5B8AE6D49776F89B28A /* Pods-SwiftCollectionsExample.debug.xcconfig */;
			buildSettings = {
				ASSETCATALOG_COMPILER_APPICON_NAME = AppIcon;
				ASSETCATALOG_COMPILER_GLOBAL_ACCENT_COLOR_NAME = AccentColor;
				CODE_SIGN_STYLE = Automatic;
				CURRENT_PROJECT_VERSION = 1;
				DEVELOPMENT_TEAM = KJ6AEY5JEH;
				GENERATE_INFOPLIST_FILE = YES;
				INFOPLIST_FILE = SwiftCollectionsExample/Info.plist;
				INFOPLIST_KEY_UIApplicationSupportsIndirectInputEvents = YES;
				INFOPLIST_KEY_UILaunchStoryboardName = LaunchScreen;
				INFOPLIST_KEY_UIMainStoryboardFile = Main;
				INFOPLIST_KEY_UISupportedInterfaceOrientations_iPad = "UIInterfaceOrientationPortrait UIInterfaceOrientationPortraitUpsideDown UIInterfaceOrientationLandscapeLeft UIInterfaceOrientationLandscapeRight";
				INFOPLIST_KEY_UISupportedInterfaceOrientations_iPhone = "UIInterfaceOrientationPortrait UIInterfaceOrientationLandscapeLeft UIInterfaceOrientationLandscapeRight";
				LD_RUNPATH_SEARCH_PATHS = (
					"$(inherited)",
					"@executable_path/Frameworks",
				);
				MARKETING_VERSION = 1.0;
				PRODUCT_BUNDLE_IDENTIFIER = com.jiasong.SwiftCollectionsExample;
				PRODUCT_NAME = "$(TARGET_NAME)";
				SWIFT_EMIT_LOC_STRINGS = YES;
				SWIFT_VERSION = 5.0;
				TARGETED_DEVICE_FAMILY = "1,2";
			};
			name = Debug;
		};
		7A7540232E55661C00D615D3 /* Release */ = {
			isa = XCBuildConfiguration;
			baseConfigurationReference = 8BA826751A2E0A087261AF46 /* Pods-SwiftCollectionsExample.release.xcconfig */;
			buildSettings = {
				ASSETCATALOG_COMPILER_APPICON_NAME = AppIcon;
				ASSETCATALOG_COMPILER_GLOBAL_ACCENT_COLOR_NAME = AccentColor;
				CODE_SIGN_STYLE = Automatic;
				CURRENT_PROJECT_VERSION = 1;
				DEVELOPMENT_TEAM = KJ6AEY5JEH;
				GENERATE_INFOPLIST_FILE = YES;
				INFOPLIST_FILE = SwiftCollectionsExample/Info.plist;
				INFOPLIST_KEY_UIApplicationSupportsIndirectInputEvents = YES;
				INFOPLIST_KEY_UILaunchStoryboardName = LaunchScreen;
				INFOPLIST_KEY_UIMainStoryboardFile = Main;
				INFOPLIST_KEY_UISupportedInterfaceOrientations_iPad = "UIInterfaceOrientationPortrait UIInterfaceOrientationPortraitUpsideDown UIInterfaceOrientationLandscapeLeft UIInterfaceOrientationLandscapeRight";
				INFOPLIST_KEY_UISupportedInterfaceOrientations_iPhone = "UIInterfaceOrientationPortrait UIInterfaceOrientationLandscapeLeft UIInterfaceOrientationLandscapeRight";
				LD_RUNPATH_SEARCH_PATHS = (
					"$(inherited)",
					"@executable_path/Frameworks",
				);
				MARKETING_VERSION = 1.0;
				PRODUCT_BUNDLE_IDENTIFIER = com.jiasong.SwiftCollectionsExample;
				PRODUCT_NAME = "$(TARGET_NAME)";
				SWIFT_EMIT_LOC_STRINGS = YES;
				SWIFT_VERSION = 5.0;
				TARGETED_DEVICE_FAMILY = "1,2";
			};
			name = Release;
		};
		7A7540242E55661C00D615D3 /* Debug */ = {
			isa = XCBuildConfiguration;
			buildSettings = {
				ALWAYS_SEARCH_USER_PATHS = NO;
				ASSETCATALOG_COMPILER_GENERATE_SWIFT_ASSET_SYMBOL_EXTENSIONS = YES;
				CLANG_ANALYZER_NONNULL = YES;
				CLANG_ANALYZER_NUMBER_OBJECT_CONVERSION = YES_AGGRESSIVE;
				CLANG_CXX_LANGUAGE_STANDARD = "gnu++20";
				CLANG_ENABLE_MODULES = YES;
				CLANG_ENABLE_OBJC_ARC = YES;
				CLANG_ENABLE_OBJC_WEAK = YES;
				CLANG_WARN_BLOCK_CAPTURE_AUTORELEASING = YES;
				CLANG_WARN_BOOL_CONVERSION = YES;
				CLANG_WARN_COMMA = YES;
				CLANG_WARN_CONSTANT_CONVERSION = YES;
				CLANG_WARN_DEPRECATED_OBJC_IMPLEMENTATIONS = YES;
				CLANG_WARN_DIRECT_OBJC_ISA_USAGE = YES_ERROR;
				CLANG_WARN_DOCUMENTATION_COMMENTS = YES;
				CLANG_WARN_EMPTY_BODY = YES;
				CLANG_WARN_ENUM_CONVERSION = YES;
				CLANG_WARN_INFINITE_RECURSION = YES;
				CLANG_WARN_INT_CONVERSION = YES;
				CLANG_WARN_NON_LITERAL_NULL_CONVERSION = YES;
				CLANG_WARN_OBJC_IMPLICIT_RETAIN_SELF = YES;
				CLANG_WARN_OBJC_LITERAL_CONVERSION = YES;
				CLANG_WARN_OBJC_ROOT_CLASS = YES_ERROR;
				CLANG_WARN_QUOTED_INCLUDE_IN_FRAMEWORK_HEADER = YES;
				CLANG_WARN_RANGE_LOOP_ANALYSIS = YES;
				CLANG_WARN_STRICT_PROTOTYPES = YES;
				CLANG_WARN_SUSPICIOUS_MOVE = YES;
				CLANG_WARN_UNGUARDED_AVAILABILITY = YES_AGGRESSIVE;
				CLANG_WARN_UNREACHABLE_CODE = YES;
				CLANG_WARN__DUPLICATE_METHOD_MATCH = YES;
				COPY_PHASE_STRIP = NO;
				DEBUG_INFORMATION_FORMAT = dwarf;
				DEVELOPMENT_TEAM = KJ6AEY5JEH;
				ENABLE_STRICT_OBJC_MSGSEND = YES;
				ENABLE_TESTABILITY = YES;
				ENABLE_USER_SCRIPT_SANDBOXING = YES;
				GCC_C_LANGUAGE_STANDARD = gnu17;
				GCC_DYNAMIC_NO_PIC = NO;
				GCC_NO_COMMON_BLOCKS = YES;
				GCC_OPTIMIZATION_LEVEL = 0;
				GCC_PREPROCESSOR_DEFINITIONS = (
					"DEBUG=1",
					"$(inherited)",
				);
				GCC_WARN_64_TO_32_BIT_CONVERSION = YES;
				GCC_WARN_ABOUT_RETURN_TYPE = YES_ERROR;
				GCC_WARN_UNDECLARED_SELECTOR = YES;
				GCC_WARN_UNINITIALIZED_AUTOS = YES_AGGRESSIVE;
				GCC_WARN_UNUSED_FUNCTION = YES;
				GCC_WARN_UNUSED_VARIABLE = YES;
				IPHONEOS_DEPLOYMENT_TARGET = 18.5;
				LOCALIZATION_PREFERS_STRING_CATALOGS = YES;
				MTL_ENABLE_DEBUG_INFO = INCLUDE_SOURCE;
				MTL_FAST_MATH = YES;
				ONLY_ACTIVE_ARCH = YES;
				SDKROOT = iphoneos;
				SWIFT_ACTIVE_COMPILATION_CONDITIONS = "DEBUG $(inherited)";
				SWIFT_OPTIMIZATION_LEVEL = "-Onone";
			};
			name = Debug;
		};
		7A7540252E55661C00D615D3 /* Release */ = {
			isa = XCBuildConfiguration;
			buildSettings = {
				ALWAYS_SEARCH_USER_PATHS = NO;
				ASSETCATALOG_COMPILER_GENERATE_SWIFT_ASSET_SYMBOL_EXTENSIONS = YES;
				CLANG_ANALYZER_NONNULL = YES;
				CLANG_ANALYZER_NUMBER_OBJECT_CONVERSION = YES_AGGRESSIVE;
				CLANG_CXX_LANGUAGE_STANDARD = "gnu++20";
				CLANG_ENABLE_MODULES = YES;
				CLANG_ENABLE_OBJC_ARC = YES;
				CLANG_ENABLE_OBJC_WEAK = YES;
				CLANG_WARN_BLOCK_CAPTURE_AUTORELEASING = YES;
				CLANG_WARN_BOOL_CONVERSION = YES;
				CLANG_WARN_COMMA = YES;
				CLANG_WARN_CONSTANT_CONVERSION = YES;
				CLANG_WARN_DEPRECATED_OBJC_IMPLEMENTATIONS = YES;
				CLANG_WARN_DIRECT_OBJC_ISA_USAGE = YES_ERROR;
				CLANG_WARN_DOCUMENTATION_COMMENTS = YES;
				CLANG_WARN_EMPTY_BODY = YES;
				CLANG_WARN_ENUM_CONVERSION = YES;
				CLANG_WARN_INFINITE_RECURSION = YES;
				CLANG_WARN_INT_CONVERSION = YES;
				CLANG_WARN_NON_LITERAL_NULL_CONVERSION = YES;
				CLANG_WARN_OBJC_IMPLICIT_RETAIN_SELF = YES;
				CLANG_WARN_OBJC_LITERAL_CONVERSION = YES;
				CLANG_WARN_OBJC_ROOT_CLASS = YES_ERROR;
				CLANG_WARN_QUOTED_INCLUDE_IN_FRAMEWORK_HEADER = YES;
				CLANG_WARN_RANGE_LOOP_ANALYSIS = YES;
				CLANG_WARN_STRICT_PROTOTYPES = YES;
				CLANG_WARN_SUSPICIOUS_MOVE = YES;
				CLANG_WARN_UNGUARDED_AVAILABILITY = YES_AGGRESSIVE;
				CLANG_WARN_UNREACHABLE_CODE = YES;
				CLANG_WARN__DUPLICATE_METHOD_MATCH = YES;
				COPY_PHASE_STRIP = NO;
				DEBUG_INFORMATION_FORMAT = "dwarf-with-dsym";
				DEVELOPMENT_TEAM = KJ6AEY5JEH;
				ENABLE_NS_ASSERTIONS = NO;
				ENABLE_STRICT_OBJC_MSGSEND = YES;
				ENABLE_USER_SCRIPT_SANDBOXING = YES;
				GCC_C_LANGUAGE_STANDARD = gnu17;
				GCC_NO_COMMON_BLOCKS = YES;
				GCC_WARN_64_TO_32_BIT_CONVERSION = YES;
				GCC_WARN_ABOUT_RETURN_TYPE = YES_ERROR;
				GCC_WARN_UNDECLARED_SELECTOR = YES;
				GCC_WARN_UNINITIALIZED_AUTOS = YES_AGGRESSIVE;
				GCC_WARN_UNUSED_FUNCTION = YES;
				GCC_WARN_UNUSED_VARIABLE = YES;
				IPHONEOS_DEPLOYMENT_TARGET = 18.5;
				LOCALIZATION_PREFERS_STRING_CATALOGS = YES;
				MTL_ENABLE_DEBUG_INFO = NO;
				MTL_FAST_MATH = YES;
				SDKROOT = iphoneos;
				SWIFT_COMPILATION_MODE = wholemodule;
				VALIDATE_PRODUCT = YES;
			};
			name = Release;
		};
/* End XCBuildConfiguration section */

/* Begin XCConfigurationList section */
		7A7540092E55661B00D615D3 /* Build configuration list for PBXProject "SwiftCollectionsExample" */ = {
			isa = XCConfigurationList;
			buildConfigurations = (
				7A7540242E55661C00D615D3 /* Debug */,
				7A7540252E55661C00D615D3 /* Release */,
			);
			defaultConfigurationIsVisible = 0;
			defaultConfigurationName = Release;
		};
		7A7540212E55661C00D615D3 /* Build configuration list for PBXNativeTarget "SwiftCollectionsExample" */ = {
			isa = XCConfigurationList;
			buildConfigurations = (
				7A7540222E55661C00D615D3 /* Debug */,
				7A7540232E55661C00D615D3 /* Release */,
			);
			defaultConfigurationIsVisible = 0;
			defaultConfigurationName = Release;
		};
/* End XCConfigurationList section */
	};
	rootObject = 7A7540062E55661B00D615D3 /* Project object */;
}
